
Microsoft Visual Studio Solution File, Format Version 12.00
# Visual Studio Version 17
VisualStudioVersion = 17.14.36414.22
MinimumVisualStudioVersion = 10.0.40219.1
Project("{FAE04EC0-301F-11D3-BF4B-00C04F79EFBC}") = "Formula2", "Formula2\Formula2.csproj", "{189DA32D-567B-4191-AE97-5A6536AD482F}"
EndProject
Project("{FAE04EC0-301F-11D3-BF4B-00C04F79EFBC}") = "Models", "Models\Models.csproj", "{32B7FAFB-45E3-444B-8BE0-923CAB41DEE2}"
EndProject
Project("{FAE04EC0-301F-11D3-BF4B-00C04F79EFBC}") = "DataAccess", "DataAccess\DataAccess.csproj", "{EB4A94B6-142D-47E4-80AE-57EF9D513AE9}"
EndProject
Project("{FAE04EC0-301F-11D3-BF4B-00C04F79EFBC}") = "Utility", "Utility\Utility.csproj", "{90910517-03F2-4D00-82FF-6F2A9F27F553}"
EndProject
Global
	GlobalSection(SolutionConfigurationPlatforms) = preSolution
		Debug|Any CPU = Debug|Any CPU
		Release|Any CPU = Release|Any CPU
	EndGlobalSection
	GlobalSection(ProjectConfigurationPlatforms) = postSolution
		{189DA32D-567B-4191-AE97-5A6536AD482F}.Debug|Any CPU.ActiveCfg = Debug|Any CPU
		{189DA32D-567B-4191-AE97-5A6536AD482F}.Debug|Any CPU.Build.0 = Debug|Any CPU
		{189DA32D-567B-4191-AE97-5A6536AD482F}.Release|Any CPU.ActiveCfg = Release|Any CPU
		{189DA32D-567B-4191-AE97-5A6536AD482F}.Release|Any CPU.Build.0 = Release|Any CPU
		{32B7FAFB-45E3-444B-8BE0-923CAB41DEE2}.Debug|Any CPU.ActiveCfg = Debug|Any CPU
		{32B7FAFB-45E3-444B-8BE0-923CAB41DEE2}.Debug|Any CPU.Build.0 = Debug|Any CPU
		{32B7FAFB-45E3-444B-8BE0-923CAB41DEE2}.Release|Any CPU.ActiveCfg = Release|Any CPU
		{32B7FAFB-45E3-444B-8BE0-923CAB41DEE2}.Release|Any CPU.Build.0 = Release|Any CPU
		{EB4A94B6-142D-47E4-80AE-57EF9D513AE9}.Debug|Any CPU.ActiveCfg = Debug|Any CPU
		{EB4A94B6-142D-47E4-80AE-57EF9D513AE9}.Debug|Any CPU.Build.0 = Debug|Any CPU
		{EB4A94B6-142D-47E4-80AE-57EF9D513AE9}.Release|Any CPU.ActiveCfg = Release|Any CPU
		{EB4A94B6-142D-47E4-80AE-57EF9D513AE9}.Release|Any CPU.Build.0 = Release|Any CPU
		{90910517-03F2-4D00-82FF-6F2A9F27F553}.Debug|Any CPU.ActiveCfg = Debug|Any CPU
		{90910517-03F2-4D00-82FF-6F2A9F27F553}.Debug|Any CPU.Build.0 = Debug|Any CPU
		{90910517-03F2-4D00-82FF-6F2A9F27F553}.Release|Any CPU.ActiveCfg = Release|Any CPU
		{90910517-03F2-4D00-82FF-6F2A9F27F553}.Release|Any CPU.Build.0 = Release|Any CPU
	EndGlobalSection
	GlobalSection(SolutionProperties) = preSolution
		HideSolutionNode = FALSE
	EndGlobalSection
	GlobalSection(ExtensibilityGlobals) = postSolution
		SolutionGuid = {EC06E709-47CC-425C-BBD0-59EEF940D8C6}
	EndGlobalSection
EndGlobal
